
Microsoft Visual Studio Solution File, Format Version 12.00
# Visual Studio Version 17
VisualStudioVersion = 17.7.34031.279
MinimumVisualStudioVersion = 10.0.40219.1
Project("{FAE04EC0-301F-11D3-BF4B-00C04F79EFBC}") = "WindowsFormsApp2", "WindowsFormsApp2.csproj", "{7F845B5F-065F-4B6B-A2AF-48C1CEB269E3}"
EndProject
Global
	GlobalSection(SolutionConfigurationPlatforms) = preSolution
		Debug|Any CPU = Debug|Any CPU
		Release|Any CPU = Release|Any CPU
	EndGlobalSection
	GlobalSection(ProjectConfigurationPlatforms) = postSolution
		{7F845B5F-065F-4B6B-A2AF-48C1CEB269E3}.Debug|Any CPU.ActiveCfg = Debug|Any CPU
		{7F845B5F-065F-4B6B-A2AF-48C1CEB269E3}.Debug|Any CPU.Build.0 = Debug|Any CPU
		{7F845B5F-065F-4B6B-A2AF-48C1CEB269E3}.Release|Any CPU.ActiveCfg = Release|Any CPU
		{7F845B5F-065F-4B6B-A2AF-48C1CEB269E3}.Release|Any CPU.Build.0 = Release|Any CPU
	EndGlobalSection
	GlobalSection(SolutionProperties) = preSolution
		HideSolutionNode = FALSE
	EndGlobalSection
	GlobalSection(ExtensibilityGlobals) = postSolution
		SolutionGuid = {915F6774-C521-42DD-8D7C-A2C14FCF4A76}
	EndGlobalSection
EndGlobal
